{
  "name": "@atlas/web",
  "version": "0.1.0",
  "lockfileVersion": 3,
  "requires": true,
  "packages": {
    "": {
      "name": "@atlas/web",
      "version": "0.1.0",
      "dependencies": {
        "clsx": "^2.1.0",
        "lucide-react": "^0.468.0",
        "next": "^15.0.0",
        "react": "^19.0.0",
        "react-dom": "^19.0.0",
        "tailwind-merge": "^2.6.0"
      },
      "devDependencies": {
        "@tailwindcss/postcss": "^4.0.0",
        "@types/node": "^22.0.0",
        "@types/react": "^19.0.0",
        "@types/react-dom": "^19.0.0",
        "postcss": "^8.4.0",
        "tailwindcss": "^4.0.0",
        "typescript": "^5.6.0"
      }
    },
    "../../node_modules/.pnpm/@storybook+addon-essentials@8.6.14_@types+react@19.2.18_storybook@8.6.18_prettier@3.9.6_/node_modules/@storybook/addon-essentials": {
      "version": "8.6.14",
      "extraneous": true,
      "license": "MIT",
      "dependencies": {
        "@storybook/addon-actions": "8.6.14",
        "@storybook/addon-backgrounds": "8.6.14",
        "@storybook/addon-controls": "8.6.14",
        "@storybook/addon-docs": "8.6.14",
        "@storybook/addon-highlight": "8.6.14",
        "@storybook/addon-measure": "8.6.14",
        "@storybook/addon-outline": "8.6.14",
        "@storybook/addon-toolbars": "8.6.14",
        "@storybook/addon-viewport": "8.6.14",
        "ts-dedent": "^2.0.0"
      },
      "devDependencies": {
        "typescript": "^5.7.3"
      },
      "funding": {
        "type": "opencollective",
        "url": "https://opencollective.com/storybook"
      },
      "peerDependencies": {
        "storybook": "^8.6.14"
      }
    },
    "../../node_modules/.pnpm/@storybook+addon-interactions@8.6.14_storybook@8.6.18_prettier@3.9.6_/node_modules/@storybook/addon-interactions": {
      "version": "8.6.14",
      "extraneous": true,
      "license": "MIT",
      "dependencies": {
        "@storybook/global": "^5.0.0",
        "@storybook/instrumenter": "8.6.14",
        "@storybook/test": "8.6.14",
        "polished": "^4.2.2",
        "ts-dedent": "^2.2.0"
      },
      "devDependencies": {
        "@devtools-ds/object-inspector": "^1.1.2",
        "@storybook/icons": "^1.2.5",
        "@types/node": "^22.0.0",
        "ansi-to-html": "^0.7.2",
        "formik": "^2.2.9",
        "react": "^18.2.0",
        "react-dom": "^18.2.0",
        "typescript": "^5.7.3"
      },
      "funding": {
        "type": "opencollective",
        "url": "https://opencollective.com/storybook"
      },
      "peerDependencies": {
        "storybook": "^8.6.14"
      }
    },
    "../../node_modules/.pnpm/@storybook+blocks@8.6.14_react-dom@19.2.8_react@19.2.8__react@19.2.8_storybook@8.6.18_prettier@3.9.6_/node_modules/@storybook/blocks": {
      "version": "8.6.14",
      "extraneous": true,
      "license": "MIT",
      "dependencies": {
        "@storybook/icons": "^1.2.12",
        "ts-dedent": "^2.0.0"
      },
      "devDependencies": {
        "@storybook/addon-actions": "8.6.14",
        "@storybook/react": "8.6.14",
        "@storybook/test": "8.6.14",
        "@types/color-convert": "^2.0.0",
        "color-convert": "^2.0.1",
        "es-toolkit": "^1.22.0",
        "github-slugger": "^2.0.0",
        "markdown-to-jsx": "^7.7.2",
        "memoizerific": "^1.11.3",
        "polished": "^4.2.2",
        "react-colorful": "^5.1.2",
        "telejson": "^7.2.0",
        "tocbot": "^4.20.1"
      },
      "funding": {
        "type": "opencollective",
        "url": "https://opencollective.com/storybook"
      },
      "peerDependencies": {
        "react": "^16.8.0 || ^17.0.0 || ^18.0.0 || ^19.0.0",
        "react-dom": "^16.8.0 || ^17.0.0 || ^18.0.0 || ^19.0.0",
        "storybook": "^8.6.14"
      },
      "peerDependenciesMeta": {
        "react": {
          "optional": true
        },
        "react-dom": {
          "optional": true
        }
      }
    },
    "../../node_modules/.pnpm/@storybook+react-vite@8.6.18_react-dom@19.2.8_react@19.2.8__react@19.2.8_rollup@4.62.4_storyb_d4idseum7o2433ip2crvmswxaa/node_modules/@storybook/react-vite": {
      "version": "8.6.18",
      "extraneous": true,
      "license": "MIT",
      "dependencies": {
        "@joshwooding/vite-plugin-react-docgen-typescript": "0.5.0",
        "@rollup/pluginutils": "^5.0.2",
        "@storybook/builder-vite": "8.6.18",
        "@storybook/react": "8.6.18",
        "find-up": "^5.0.0",
        "magic-string": "^0.30.0",
        "react-docgen": "^7.0.0",
        "resolve": "^1.22.8",
        "tsconfig-paths": "^4.2.0"
      },
      "devDependencies": {
        "@types/node": "^22.0.0",
        "typescript": "^5.7.3",
        "vite": "^4.0.0"
      },
      "engines": {
        "node": ">=18.0.0"
      },
      "funding": {
        "type": "opencollective",
        "url": "https://opencollective.com/storybook"
      },
      "peerDependencies": {
        "@storybook/test": "8.6.18",
        "react": "^16.8.0 || ^17.0.0 || ^18.0.0 || ^19.0.0-beta",
        "react-dom": "^16.8.0 || ^17.0.0 || ^18.0.0 || ^19.0.0-beta",
        "storybook": "^8.6.18",
        "vite": "^4.0.0 || ^5.0.0 || ^6.0.0"
      },
      "peerDependenciesMeta": {
        "@storybook/test": {
          "optional": true
        }
      }
    },
    "../../node_modules/.pnpm/@storybook+react@8.6.18_react-dom@19.2.8_react@19.2.8__react@19.2.8_storybook@8.6.18_prettier@3.9.6__typescript@5.9.3/node_modules/@storybook/react": {
      "version": "8.6.18",
      "extraneous": true,
      "license": "MIT",
      "dependencies": {
        "@storybook/components": "8.6.18",
        "@storybook/global": "^5.0.0",
        "@storybook/manager-api": "8.6.18",
        "@storybook/preview-api": "8.6.18",
        "@storybook/react-dom-shim": "8.6.18",
        "@storybook/theming": "8.6.18"
      },
      "devDependencies": {
        "@storybook/test": "8.6.18",
        "@types/babel-plugin-react-docgen": "^4",
        "@types/escodegen": "^0.0.6",
        "@types/estree": "^0.0.51",
        "@types/node": "^22.0.0",
        "@types/semver": "^7.3.4",
        "acorn": "^7.4.1",
        "acorn-jsx": "^5.3.1",
        "acorn-walk": "^7.2.0",
        "babel-plugin-react-docgen": "^4.2.1",
        "es-toolkit": "^1.22.0",
        "escodegen": "^2.1.0",
        "expect-type": "^0.15.0",
        "html-tags": "^3.1.0",
        "prop-types": "^15.7.2",
        "react-element-to-jsx-string": "^15.0.0",
        "require-from-string": "^2.0.2",
        "semver": "^7.3.7",
        "ts-dedent": "^2.0.0",
        "type-fest": "~2.19"
      },
      "engines": {
        "node": ">=18.0.0"
      },
      "funding": {
        "type": "opencollective",
        "url": "https://opencollective.com/storybook"
      },
      "peerDependencies": {
        "@storybook/test": "8.6.18",
        "react": "^16.8.0 || ^17.0.0 || ^18.0.0 || ^19.0.0-beta",
        "react-dom": "^16.8.0 || ^17.0.0 || ^18.0.0 || ^19.0.0-beta",
        "storybook": "^8.6.18",
        "typescript": ">= 4.2.x"
      },
      "peerDependenciesMeta": {
        "@storybook/test": {
          "optional": true
        },
        "typescript": {
          "optional": true
        }
      }
    },
    "../../node_modules/.pnpm/@tailwindcss+postcss@4.3.3/node_modules/@tailwindcss/postcss": {
      "version": "4.3.3",
      "dev": true,
      "license": "MIT",
      "dependencies": {
        "@alloc/quick-lru": "^5.2.0",
        "@tailwindcss/node": "4.3.3",
        "@tailwindcss/oxide": "4.3.3",
        "postcss": "^8.5.16",
        "tailwindcss": "4.3.3"
      },
      "devDependencies": {
        "@types/node": "22.19.21",
        "@types/postcss-import": "14.0.3",
        "dedent": "1.7.2",
        "internal-example-plugin": "0.0.0",
        "postcss-import": "^16.1.1"
      }
    },
    "../../node_modules/.pnpm/@tanstack+react-query@5.101.4_react@19.2.8/node_modules/@tanstack/react-query": {
      "version": "5.101.4",
      "extraneous": true,
      "license": "MIT",
      "dependencies": {
        "@tanstack/query-core": "5.101.4"
      },
      "devDependencies": {
        "@tanstack/query-persist-client-core": "5.101.4",
        "@tanstack/query-test-utils": "0.0.0",
        "@testing-library/react": "^16.1.0",
        "@testing-library/react-render-stream": "^2.0.2",
        "@types/react": "^19.2.7",
        "@types/react-dom": "^19.2.3",
        "@vitejs/plugin-react": "^4.3.4",
        "cpy-cli": "^5.0.0",
        "npm-run-all2": "^5.0.0",
        "react": "^19.2.1",
        "react-dom": "^19.2.1",
        "react-error-boundary": "^4.1.2"
      },
      "funding": {
        "type": "github",
        "url": "https://github.com/sponsors/tannerlinsley"
      },
      "peerDependencies": {
        "react": "^18 || ^19"
      }
    },
    "../../node_modules/.pnpm/@testing-library+jest-dom@6.10.0_@testing-library+dom@10.4.0/node_modules/@testing-library/jest-dom": {
      "version": "6.10.0",
      "extraneous": true,
      "license": "MIT",
      "dependencies": {
        "@adobe/css-tools": "^4.4.0",
        "aria-query": "^5.0.0",
        "css.escape": "^1.5.1",
        "dom-accessibility-api": "^0.6.3",
        "picocolors": "^1.1.1",
        "redent": "^3.0.0"
      },
      "devDependencies": {
        "@jest/globals": "^29.6.2",
        "@rollup/plugin-commonjs": "^25.0.4",
        "@testing-library/dom": "^10.4.1",
        "@types/bun": "latest",
        "@types/web": "latest",
        "expect": "^29.6.2",
        "jest-environment-jsdom-sixteen": "^1.0.3",
        "jest-watch-select-projects": "^2.0.0",
        "jsdom": "^16.2.1",
        "kcd-scripts": "^14.0.0",
        "pretty-format": "^25.1.0",
        "rollup": "^3.28.1",
        "rollup-plugin-delete": "^2.0.0",
        "typescript": "^5.1.6",
        "vitest": "^0.34.1"
      },
      "engines": {
        "node": ">=22",
        "npm": ">=6",
        "yarn": ">=1"
      },
      "peerDependencies": {
        "@testing-library/dom": ">=10 <11"
      }
    },
    "../../node_modules/.pnpm/@testing-library+react@16.3.2_@testing-library+dom@10.4.0_@types+react-dom@19.2.4_@types+reac_t3xxo2vyif5nzwnj2ywx2u6cci/node_modules/@testing-library/react": {
      "version": "16.3.2",
      "extraneous": true,
      "license": "MIT",
      "dependencies": {
        "@babel/runtime": "^7.12.5"
      },
      "devDependencies": {
        "@testing-library/dom": "^10.0.0",
        "@testing-library/jest-dom": "^5.11.6",
        "@types/react": "^19.0.0",
        "@types/react-dom": "^19.0.0",
        "chalk": "^4.1.2",
        "dotenv-cli": "^4.0.0",
        "jest-diff": "^29.7.0",
        "kcd-scripts": "^13.0.0",
        "npm-run-all2": "^6.2.6",
        "react": "^19.0.0",
        "react-dom": "^19.0.0",
        "rimraf": "^3.0.2",
        "typescript": "^5.9.3"
      },
      "engines": {
        "node": ">=18"
      },
      "peerDependencies": {
        "@testing-library/dom": "^10.0.0",
        "@types/react": "^18.0.0 || ^19.0.0",
        "@types/react-dom": "^18.0.0 || ^19.0.0",
        "react": "^18.0.0 || ^19.0.0",
        "react-dom": "^18.0.0 || ^19.0.0"
      },
      "peerDependenciesMeta": {
        "@types/react": {
          "optional": true
        },
        "@types/react-dom": {
          "optional": true
        }
      }
    },
    "../../node_modules/.pnpm/@testing-library+user-event@14.6.1_@testing-library+dom@10.4.0/node_modules/@testing-library/user-event": {
      "version": "14.6.1",
      "extraneous": true,
      "license": "MIT",
      "devDependencies": {
        "@esbuild-plugins/node-modules-polyfill": "^0.2.2",
        "@ph.fritsche/scripts-config": "^2.4.0",
        "@ph.fritsche/toolbox": "^1.0.0-alpha.11",
        "@testing-library/dom": "^10.4.0",
        "@testing-library/jest-dom": "^5.16.3",
        "@testing-library/react": "^16.1.0",
        "@types/jest-in-case": "^1.0.3",
        "@types/react": "^18.0.25",
        "@types/sinonjs__fake-timers": "^8.1.2",
        "css.escape": "^1.5.1",
        "esbuild": "^0.19.10",
        "esbuild-plugin-globals": "^0.2.0",
        "eslint-import-resolver-typescript": "^3.5.2",
        "eslint-plugin-local-rules": "^1.3.2",
        "expect": "^28.1.3",
        "is-ci": "^3.0.1",
        "istanbul-lib-coverage": "^3.2.0",
        "istanbul-lib-report": "^3.0.0",
        "istanbul-lib-source-maps": "^4.0.1",
        "istanbul-reports": "^3.1.5",
        "jest-in-case": "^1.0.2",
        "jest-mock": "^28.1.3",
        "jest-serializer-ansi": "^1.0.3",
        "jsdom": "^20.0.3",
        "kcd-scripts": "^12.1.0",
        "react": "^18.0.0",
        "react-dom": "^18.0.0",
        "shared-scripts": "^1.5.1",
        "ts-node": "^10.9.1",
        "typescript": "^4.9.3"
      },
      "engines": {
        "node": ">=12",
        "npm": ">=6"
      },
      "peerDependencies": {
        "@testing-library/dom": ">=7.21.4"
      }
    },
    "../../node_modules/.pnpm/@types+node@22.20.1/node_modules/@types/node": {
      "version": "22.20.1",
      "dev": true,
      "license": "MIT",
      "dependencies": {
        "undici-types": "~6.21.0"
      }
    },
    "../../node_modules/.pnpm/@types+react-dom@19.2.4_@types+react@19.2.18/node_modules/@types/react-dom": {
      "version": "19.2.4",
      "dev": true,
      "license": "MIT",
      "peerDependencies": {
        "@types/react": "^19.2.0"
      }
    },
    "../../node_modules/.pnpm/@types+react@19.2.18/node_modules/@types/react": {
      "version": "19.2.18",
      "dev": true,
      "license": "MIT",
      "dependencies": {
        "csstype": "^3.2.2"
      }
    },
    "../../node_modules/.pnpm/@vitejs+plugin-react@4.7.0_vite@7.3.6_@types+node@22.20.1_jiti@2.7.0_lightningcss@1.32.0_terser@5.49.0_yaml@2.9.0_/node_modules/@vitejs/plugin-react": {
      "version": "4.7.0",
      "extraneous": true,
      "license": "MIT",
      "dependencies": {
        "@babel/core": "^7.28.0",
        "@babel/plugin-transform-react-jsx-self": "^7.27.1",
        "@babel/plugin-transform-react-jsx-source": "^7.27.1",
        "@rolldown/pluginutils": "1.0.0-beta.27",
        "@types/babel__core": "^7.20.5",
        "react-refresh": "^0.17.0"
      },
      "devDependencies": {
        "@vitejs/react-common": "workspace:*",
        "babel-plugin-react-compiler": "19.1.0-rc.2",
        "react": "^19.1.0",
        "react-dom": "^19.1.0",
        "rolldown": "1.0.0-beta.27",
        "tsdown": "^0.12.9",
        "vitest": "^3.2.4"
      },
      "engines": {
        "node": "^14.18.0 || >=16.0.0"
      },
      "peerDependencies": {
        "vite": "^4.2.0 || ^5.0.0 || ^6.0.0 || ^7.0.0"
      }
    },
    "../../node_modules/.pnpm/class-variance-authority@0.7.1/node_modules/class-variance-authority": {
      "version": "0.7.1",
      "extraneous": true,
      "license": "Apache-2.0",
      "dependencies": {
        "clsx": "^2.1.1"
      },
      "devDependencies": {
        "@swc/cli": "0.3.12",
        "@swc/core": "1.4.16",
        "@types/node": "20.12.7",
        "@types/react": "18.2.79",
        "@types/react-dom": "18.2.25",
        "bundlesize": "0.18.2",
        "npm-run-all": "4.1.5",
        "react": "18.2.0",
        "react-dom": "18.2.0",
        "ts-node": "10.9.2",
        "typescript": "5.4.5"
      },
      "funding": {
        "url": "https://polar.sh/cva"
      }
    },
    "../../node_modules/.pnpm/clsx@2.1.1/node_modules/clsx": {
      "version": "2.1.1",
      "license": "MIT",
      "devDependencies": {
        "esm": "3.2.25",
        "terser": "4.8.0",
        "uvu": "0.5.4"
      },
      "engines": {
        "node": ">=6"
      }
    },
    "../../node_modules/.pnpm/date-fns@4.4.0/node_modules/date-fns": {
      "version": "4.4.0",
      "extraneous": true,
      "license": "MIT",
      "funding": {
        "type": "github",
        "url": "https://github.com/sponsors/kossnocorp"
      }
    },
    "../../node_modules/.pnpm/framer-motion@11.18.2_react-dom@19.2.8_react@19.2.8__react@19.2.8/node_modules/framer-motion": {
      "version": "11.18.2",
      "extraneous": true,
      "license": "MIT",
      "dependencies": {
        "motion-dom": "^11.18.1",
        "motion-utils": "^11.18.1",
        "tslib": "^2.4.0"
      },
      "devDependencies": {
        "@types/three": "0.137.0",
        "three": "0.137.0"
      },
      "peerDependencies": {
        "@emotion/is-prop-valid": "*",
        "react": "^18.0.0 || ^19.0.0",
        "react-dom": "^18.0.0 || ^19.0.0"
      },
      "peerDependenciesMeta": {
        "@emotion/is-prop-valid": {
          "optional": true
        },
        "react": {
          "optional": true
        },
        "react-dom": {
          "optional": true
        }
      }
    },
    "../../node_modules/.pnpm/jsdom@26.1.0/node_modules/jsdom": {
      "version": "26.1.0",
      "extraneous": true,
      "license": "MIT",
      "dependencies": {
        "cssstyle": "^4.2.1",
        "data-urls": "^5.0.0",
        "decimal.js": "^10.5.0",
        "html-encoding-sniffer": "^4.0.0",
        "http-proxy-agent": "^7.0.2",
        "https-proxy-agent": "^7.0.6",
        "is-potential-custom-element-name": "^1.0.1",
        "nwsapi": "^2.2.16",
        "parse5": "^7.2.1",
        "rrweb-cssom": "^0.8.0",
        "saxes": "^6.0.0",
        "symbol-tree": "^3.2.4",
        "tough-cookie": "^5.1.1",
        "w3c-xmlserializer": "^5.0.0",
        "webidl-conversions": "^7.0.0",
        "whatwg-encoding": "^3.1.1",
        "whatwg-mimetype": "^4.0.0",
        "whatwg-url": "^14.1.1",
        "ws": "^8.18.0",
        "xml-name-validator": "^5.0.0"
      },
      "devDependencies": {
        "@domenic/eslint-config": "^4.0.1",
        "benchmark": "^2.1.4",
        "eslint": "^9.20.0",
        "eslint-plugin-html": "^8.1.2",
        "globals": "^15.14.0",
        "js-yaml": "^4.1.0",
        "minimatch": "^9.0.5",
        "mocha": "^11.1.0",
        "mocha-sugar-free": "^1.4.0",
        "pngjs": "^7.0.0",
        "server-destroy": "^1.0.1",
        "webidl2js": "^18.0.0",
        "yargs": "^17.7.2"
      },
      "engines": {
        "node": ">=18"
      },
      "peerDependencies": {
        "canvas": "^3.0.0"
      },
      "peerDependenciesMeta": {
        "canvas": {
          "optional": true
        }
      }
    },
    "../../node_modules/.pnpm/lucide-react@0.468.0_react@19.2.8/node_modules/lucide-react": {
      "version": "0.468.0",
      "license": "ISC",
      "devDependencies": {
        "@lucide/build-icons": "1.1.0",
        "@lucide/rollup-plugins": "1.0.0",
        "@lucide/shared": "1.0.0",
        "@testing-library/jest-dom": "^6.1.6",
        "@testing-library/react": "^14.1.2",
        "@types/react": "^18.2.37",
        "@vitejs/plugin-react": "^4.2.1",
        "jest-serializer-html": "^7.1.0",
        "react": "18.2.0",
        "react-dom": "18.2.0",
        "rollup": "^4.22.4",
        "rollup-plugin-dts": "^6.1.0",
        "typescript": "^4.9.5",
        "vite": "5.1.8",
        "vitest": "^1.1.1"
      },
      "peerDependencies": {
        "react": "^16.5.1 || ^17.0.0 || ^18.0.0 || ^19.0.0-rc"
      }
    },
    "../../node_modules/.pnpm/lucide-react@0.487.0_react@19.2.8/node_modules/lucide-react": {
      "version": "0.487.0",
      "extraneous": true,
      "license": "ISC",
      "devDependencies": {
        "@lucide/build-icons": "1.1.0",
        "@lucide/rollup-plugins": "1.0.0",
        "@lucide/shared": "1.0.0",
        "@testing-library/jest-dom": "^6.1.6",
        "@testing-library/react": "^14.1.2",
        "@types/react": "^18.2.37",
        "@vitejs/plugin-react": "^4.3.4",
        "jest-serializer-html": "^7.1.0",
        "react": "18.2.0",
        "react-dom": "18.2.0",
        "rollup": "^4.22.4",
        "rollup-plugin-dts": "^6.1.0",
        "rollup-plugin-preserve-directives": "^0.4.0",
        "typescript": "^4.9.5",
        "vite": "5.4.14",
        "vitest": "^1.1.1"
      },
      "peerDependencies": {
        "react": "^16.5.1 || ^17.0.0 || ^18.0.0 || ^19.0.0"
      }
    },
    "../../node_modules/.pnpm/next@15.5.22_react-dom@19.2.8_react@19.2.8__react@19.2.8/node_modules/next": {
      "version": "15.5.22",
      "license": "MIT",
      "dependencies": {
        "@next/env": "15.5.22",
        "@swc/helpers": "0.5.15",
        "caniuse-lite": "^1.0.30001579",
        "postcss": "8.4.31",
        "styled-jsx": "5.1.6"
      },
      "bin": {
        "next": "dist/bin/next"
      },
      "engines": {
        "node": "^18.18.0 || ^19.8.0 || >= 20.0.0"
      },
      "optionalDependencies": {
        "@next/swc-darwin-arm64": "15.5.22",
        "@next/swc-darwin-x64": "15.5.22",
        "@next/swc-linux-arm64-gnu": "15.5.22",
        "@next/swc-linux-arm64-musl": "15.5.22",
        "@next/swc-linux-x64-gnu": "15.5.22",
        "@next/swc-linux-x64-musl": "15.5.22",
        "@next/swc-win32-arm64-msvc": "15.5.22",
        "@next/swc-win32-x64-msvc": "15.5.22",
        "sharp": "^0.34.3"
      },
      "peerDependencies": {
        "@opentelemetry/api": "^1.1.0",
        "@playwright/test": "^1.51.1",
        "babel-plugin-react-compiler": "*",
        "react": "^18.2.0 || 19.0.0-rc-de68d2f4-20241204 || ^19.0.0",
        "react-dom": "^18.2.0 || 19.0.0-rc-de68d2f4-20241204 || ^19.0.0",
        "sass": "^1.3.0"
      },
      "peerDependenciesMeta": {
        "@opentelemetry/api": {
          "optional": true
        },
        "@playwright/test": {
          "optional": true
        },
        "babel-plugin-react-compiler": {
          "optional": true
        },
        "sass": {
          "optional": true
        }
      }
    },
    "../../node_modules/.pnpm/postcss@8.5.25/node_modules/postcss": {
      "version": "8.5.25",
      "dev": true,
      "funding": [
        {
          "type": "opencollective",
          "url": "https://opencollective.com/postcss/"
        },
        {
          "type": "tidelift",
          "url": "https://tidelift.com/funding/github/npm/postcss"
        },
        {
          "type": "github",
          "url": "https://github.com/sponsors/ai"
        }
      ],
      "license": "MIT",
      "dependencies": {
        "nanoid": "^3.3.16",
        "picocolors": "^1.1.1",
        "source-map-js": "^1.2.1"
      },
      "engines": {
        "node": "^10 || ^12 || >=14"
      }
    },
    "../../node_modules/.pnpm/react-dom@19.2.8_react@19.2.8/node_modules/react-dom": {
      "version": "19.2.8",
      "license": "MIT",
      "dependencies": {
        "scheduler": "^0.27.0"
      },
      "peerDependencies": {
        "react": "^19.2.8"
      }
    },
    "../../node_modules/.pnpm/react-hook-form@7.84.0_react@19.2.8/node_modules/react-hook-form": {
      "version": "7.84.0",
      "extraneous": true,
      "license": "MIT",
      "devDependencies": {
        "@eslint/compat": "^1.4.1",
        "@microsoft/api-extractor": "^7.58.9",
        "@playwright/test": "^1.61.1",
        "@rollup/plugin-commonjs": "^28.0.9",
        "@rollup/plugin-node-resolve": "^16.0.3",
        "@rollup/plugin-terser": "^0.4.4",
        "@swc/core": "^1.15.41",
        "@swc/jest": "^0.2.39",
        "@testing-library/jest-dom": "^6.9.1",
        "@testing-library/react": "^16.3.2",
        "@types/jest": "^30.0.0",
        "@types/node": "^25.9.3",
        "@types/react": "^19.2.17",
        "@types/react-dom": "^19.2.3",
        "bundlewatch": "^0.4.2",
        "eslint": "^9.39.4",
        "eslint-config-prettier": "^10.1.8",
        "eslint-plugin-playwright": "^2.10.5",
        "eslint-plugin-prettier": "^5.5.6",
        "eslint-plugin-react": "^7.37.5",
        "eslint-plugin-react-hooks": "^7.1.1",
        "eslint-plugin-simple-import-sort": "^12.1.1",
        "husky": "^9.1.7",
        "jest": "^30.4.2",
        "jest-environment-jsdom": "^30.4.1",
        "jest-fixed-jsdom": "^0.0.10",
        "lint-staged": "^16.4.0",
        "prettier": "^3.8.4",
        "react": "^19.2.7",
        "react-dom": "^19.2.7",
        "rimraf": "^6.1.3",
        "rollup": "^4.62.0",
        "rollup-plugin-typescript2": "^0.36.0",
        "tinybench": "^6.0.2",
        "tsx": "^4.22.4",
        "typescript": "^6.0.3",
        "typescript-eslint": "^8.61.1",
        "whatwg-fetch": "^3.6.20",
        "zod": "^3.25.76"
      },
      "engines": {
        "node": ">=18.0.0"
      },
      "funding": {
        "type": "opencollective",
        "url": "https://opencollective.com/react-hook-form"
      },
      "peerDependencies": {
        "react": "^16.8.0 || ^17 || ^18 || ^19"
      }
    },
    "../../node_modules/.pnpm/react@19.2.8/node_modules/react": {
      "version": "19.2.8",
      "license": "MIT",
      "engines": {
        "node": ">=0.10.0"
      }
    },
    "../../node_modules/.pnpm/recharts@2.15.4_react-dom@19.2.8_react@19.2.8__react@19.2.8/node_modules/recharts": {
      "version": "2.15.4",
      "extraneous": true,
      "license": "MIT",
      "dependencies": {
        "clsx": "^2.0.0",
        "eventemitter3": "^4.0.1",
        "lodash": "^4.17.21",
        "react-is": "^18.3.1",
        "react-smooth": "^4.0.4",
        "recharts-scale": "^0.4.4",
        "tiny-invariant": "^1.3.1",
        "victory-vendor": "^36.6.8"
      },
      "devDependencies": {
        "@babel/cli": "^7.23.0",
        "@babel/core": "^7.23.2",
        "@babel/plugin-proposal-export-default-from": "^7.22.17",
        "@babel/plugin-proposal-function-bind": "^7.22.5",
        "@babel/plugin-transform-runtime": "^7.23.2",
        "@babel/preset-env": "^7.23.2",
        "@babel/preset-react": "^7.22.15",
        "@babel/preset-typescript": "^7.23.2",
        "@babel/runtime": "^7.27.6",
        "@storybook/addon-a11y": "^8.1.2",
        "@storybook/addon-docs": "^8.1.2",
        "@storybook/addon-essentials": "^8.1.2",
        "@storybook/addon-interactions": "^8.1.2",
        "@storybook/addon-links": "^8.1.2",
        "@storybook/addon-mdx-gfm": "^8.1.2",
        "@storybook/addon-storysource": "^8.1.2",
        "@storybook/addon-webpack5-compiler-swc": "^1.0.2",
        "@storybook/manager-api": "^8.1.2",
        "@storybook/react": "^8.1.2",
        "@storybook/react-webpack5": "^8.1.2",
        "@storybook/source-loader": "^8.1.2",
        "@storybook/test-runner": "^0.18.0",
        "@storybook/theming": "^8.1.2",
        "@testing-library/jest-dom": "^6.4.5",
        "@testing-library/react": "^15.0.7",
        "@testing-library/user-event": "^14.5.2",
        "@types/d3-interpolate": "^3.0.1",
        "@types/d3-shape": "^3.1.0",
        "@types/d3-time-format": "^4.0.0",
        "@types/lodash": "^4.14.144",
        "@types/node": "^14.18.34",
        "@types/react": "^18.3.3",
        "@types/react-dom": "^18.3.0",
        "@types/react-is": "^18.3.0",
        "@types/react-router-dom": "^5.1.7",
        "@typescript-eslint/eslint-plugin": "^4.33.0",
        "@typescript-eslint/parser": "^4.33.0",
        "@vitejs/plugin-react": "^4.0.4",
        "@vitest/coverage-v8": "^0.34.6",
        "babel-loader": "^9.1.3",
        "babel-plugin-dev-expression": "^0.2.3",
        "babel-plugin-lodash": "^3.3.4",
        "browserslist": "^4.21.0",
        "chromatic": "^11.4.0",
        "concurrently": "^7.6.0",
        "cross-env": "^7.0.3",
        "d3-scale-chromatic": "^3.0.0",
        "d3-time": "^3.1.0",
        "d3-time-format": "^4.1.0",
        "eslint": "^7.32.0",
        "eslint-config-airbnb": "^18.2.1",
        "eslint-config-prettier": "^7.2.0",
        "eslint-plugin-import": "^2.26.0",
        "eslint-plugin-jsx-a11y": "^6.6.1",
        "eslint-plugin-prettier": "^3.1.2",
        "eslint-plugin-react": "^7.31.11",
        "eslint-plugin-react-hooks": "^4.6.0",
        "eslint-plugin-storybook": "^0.6.15",
        "husky": "^8.0.2",
        "jsdom": "^22.1.0",
        "lint-staged": "^13.2.2",
        "prettier": "^2.2.1",
        "react": "^18.3.1",
        "react-dom": "^18.3.1",
        "react-router-dom": "^5.1.2",
        "rimraf": "^3.0.2",
        "storybook": "^8.1.2",
        "terser-webpack-plugin": "^5.1.1",
        "ts-loader": "^8.0.12",
        "typescript": "4.9.5",
        "update-browserslist-db": "^1.0.10",
        "vitest": "^0.34.5",
        "vitest-axe": "^0.1.0",
        "webpack": "^5.65.0",
        "webpack-bundle-analyzer": "^4.4.0",
        "webpack-cli": "^4.9.0",
        "webpack-dev-server": "^4.6.0"
      },
      "engines": {
        "node": ">=14"
      },
      "peerDependencies": {
        "react": "^16.0.0 || ^17.0.0 || ^18.0.0 || ^19.0.0",
        "react-dom": "^16.0.0 || ^17.0.0 || ^18.0.0 || ^19.0.0"
      }
    },
    "../../node_modules/.pnpm/storybook@8.6.18_prettier@3.9.6/node_modules/storybook": {
      "version": "8.6.18",
      "extraneous": true,
      "license": "MIT",
      "dependencies": {
        "@storybook/core": "8.6.18"
      },
      "bin": {
        "getstorybook": "bin/index.cjs",
        "sb": "bin/index.cjs",
        "storybook": "bin/index.cjs"
      },
      "devDependencies": {
        "typescript": "^5.7.3"
      },
      "funding": {
        "type": "opencollective",
        "url": "https://opencollective.com/storybook"
      },
      "peerDependencies": {
        "prettier": "^2 || ^3"
      },
      "peerDependenciesMeta": {
        "prettier": {
          "optional": true
        }
      }
    },
    "../../node_modules/.pnpm/tailwind-merge@2.6.1/node_modules/tailwind-merge": {
      "version": "2.6.1",
      "license": "MIT",
      "devDependencies": {
        "@babel/core": "^7.26.0",
        "@babel/preset-env": "^7.26.0",
        "@codspeed/vitest-plugin": "^4.0.0",
        "@rollup/plugin-babel": "^6.0.4",
        "@rollup/plugin-node-resolve": "^16.0.0",
        "@rollup/plugin-typescript": "^12.1.2",
        "@vitest/coverage-v8": "^2.1.8",
        "@vitest/eslint-plugin": "^1.1.22",
        "babel-plugin-annotate-pure-calls": "^0.4.0",
        "babel-plugin-polyfill-regenerator": "^0.6.3",
        "eslint": "^9.17.0",
        "eslint-plugin-import": "^2.31.0",
        "globby": "^11.1.0",
        "prettier": "^3.4.2",
        "rollup": "^4.29.1",
        "rollup-plugin-delete": "^2.1.0",
        "rollup-plugin-dts": "^6.1.1",
        "tslib": "^2.8.1",
        "typescript": "^5.7.2",
        "typescript-eslint": "^8.19.0",
        "vitest": "^2.1.8",
        "zx": "^8.3.0"
      },
      "funding": {
        "type": "github",
        "url": "https://github.com/sponsors/dcastil"
      }
    },
    "../../node_modules/.pnpm/tailwindcss@4.3.3/node_modules/tailwindcss": {
      "version": "4.3.3",
      "dev": true,
      "license": "MIT",
      "devDependencies": {
        "@jridgewell/remapping": "^2.3.5",
        "@tailwindcss/oxide": "^4.3.3",
        "@types/node": "22.19.21",
        "dedent": "1.7.2",
        "lightningcss": "1.32.0",
        "magic-string": "^0.30.21",
        "source-map-js": "^1.2.1"
      }
    },
    "../../node_modules/.pnpm/typescript@5.9.3/node_modules/typescript": {
      "version": "5.9.3",
      "dev": true,
      "license": "Apache-2.0",
      "bin": {
        "tsc": "bin/tsc",
        "tsserver": "bin/tsserver"
      },
      "devDependencies": {
        "@dprint/formatter": "^0.4.1",
        "@dprint/typescript": "0.93.4",
        "@esfx/canceltoken": "^1.0.0",
        "@eslint/js": "^9.20.0",
        "@octokit/rest": "^21.1.1",
        "@types/chai": "^4.3.20",
        "@types/diff": "^7.0.1",
        "@types/minimist": "^1.2.5",
        "@types/mocha": "^10.0.10",
        "@types/ms": "^0.7.34",
        "@types/node": "latest",
        "@types/source-map-support": "^0.5.10",
        "@types/which": "^3.0.4",
        "@typescript-eslint/rule-tester": "^8.24.1",
        "@typescript-eslint/type-utils": "^8.24.1",
        "@typescript-eslint/utils": "^8.24.1",
        "azure-devops-node-api": "^14.1.0",
        "c8": "^10.1.3",
        "chai": "^4.5.0",
        "chokidar": "^4.0.3",
        "diff": "^7.0.0",
        "dprint": "^0.49.0",
        "esbuild": "^0.25.0",
        "eslint": "^9.20.1",
        "eslint-formatter-autolinkable-stylish": "^1.4.0",
        "eslint-plugin-regexp": "^2.7.0",
        "fast-xml-parser": "^4.5.2",
        "glob": "^10.4.5",
        "globals": "^15.15.0",
        "hereby": "^1.10.0",
        "jsonc-parser": "^3.3.1",
        "knip": "^5.44.4",
        "minimist": "^1.2.8",
        "mocha": "^10.8.2",
        "mocha-fivemat-progress-reporter": "^0.1.0",
        "monocart-coverage-reports": "^2.12.1",
        "ms": "^2.1.3",
        "picocolors": "^1.1.1",
        "playwright": "^1.50.1",
        "source-map-support": "^0.5.21",
        "tslib": "^2.8.1",
        "typescript": "^5.7.3",
        "typescript-eslint": "^8.24.1",
        "which": "^3.0.1"
      },
      "engines": {
        "node": ">=14.17"
      }
    },
    "../../node_modules/.pnpm/vitest@3.2.7_@types+node@22.20.1_jiti@2.7.0_jsdom@26.1.0_lightningcss@1.32.0_terser@5.49.0_yaml@2.9.0/node_modules/vitest": {
      "version": "3.2.7",
      "extraneous": true,
      "license": "MIT",
      "dependencies": {
        "@types/chai": "^5.2.2",
        "@vitest/expect": "3.2.7",
        "@vitest/mocker": "3.2.7",
        "@vitest/pretty-format": "^3.2.7",
        "@vitest/runner": "3.2.7",
        "@vitest/snapshot": "3.2.7",
        "@vitest/spy": "3.2.7",
        "@vitest/utils": "3.2.7",
        "chai": "^5.2.0",
        "debug": "^4.4.1",
        "expect-type": "^1.2.1",
        "magic-string": "^0.30.17",
        "pathe": "^2.0.3",
        "picomatch": "^4.0.2",
        "std-env": "^3.9.0",
        "tinybench": "^2.9.0",
        "tinyexec": "^0.3.2",
        "tinyglobby": "^0.2.14",
        "tinypool": "^1.1.1",
        "tinyrainbow": "^2.0.0",
        "vite": "^5.0.0 || ^6.0.0 || ^7.0.0-0",
        "vite-node": "3.2.4",
        "why-is-node-running": "^2.3.0"
      },
      "bin": {
        "vitest": "vitest.mjs"
      },
      "devDependencies": {
        "@ampproject/remapping": "^2.3.0",
        "@antfu/install-pkg": "^1.1.0",
        "@edge-runtime/vm": "^5.0.0",
        "@sinonjs/fake-timers": "14.0.0",
        "@types/debug": "^4.1.12",
        "@types/estree": "^1.0.8",
        "@types/istanbul-lib-coverage": "^2.0.6",
        "@types/istanbul-reports": "^3.0.4",
        "@types/jsdom": "^21.1.7",
        "@types/mime": "^4.0.0",
        "@types/node": "^22.15.32",
        "@types/picomatch": "^4.0.0",
        "@types/prompts": "^2.4.9",
        "@types/sinonjs__fake-timers": "^8.1.5",
        "acorn-walk": "^8.3.4",
        "birpc": "2.4.0",
        "cac": "^6.7.14",
        "chai-subset": "^1.6.0",
        "find-up": "^6.3.0",
        "flatted": "^3.3.3",
        "happy-dom": "^17.6.3",
        "jsdom": "^26.1.0",
        "local-pkg": "^1.1.1",
        "mime": "^4.0.7",
        "pretty-format": "^29.7.0",
        "prompts": "^2.4.2",
        "strip-literal": "^3.0.0",
        "ws": "^8.18.2"
      },
      "engines": {
        "node": "^18.0.0 || ^20.0.0 || >=22.0.0"
      },
      "funding": {
        "url": "https://opencollective.com/vitest"
      },
      "peerDependencies": {
        "@edge-runtime/vm": "*",
        "@types/debug": "^4.1.12",
        "@types/node": "^18.0.0 || ^20.0.0 || >=22.0.0",
        "@vitest/browser": "3.2.7",
        "@vitest/ui": "3.2.7",
        "happy-dom": "*",
        "jsdom": "*"
      },
      "peerDependenciesMeta": {
        "@edge-runtime/vm": {
          "optional": true
        },
        "@types/debug": {
          "optional": true
        },
        "@types/node": {
          "optional": true
        },
        "@vitest/browser": {
          "optional": true
        },
        "@vitest/ui": {
          "optional": true
        },
        "happy-dom": {
          "optional": true
        },
        "jsdom": {
          "optional": true
        }
      }
    },
    "../../node_modules/.pnpm/zod@3.25.76/node_modules/zod": {
      "version": "3.25.76",
      "extraneous": true,
      "license": "MIT",
      "funding": {
        "url": "https://github.com/sponsors/colinhacks"
      }
    },
    "../../packages/api-client": {
      "name": "@atlas/api-client",
      "version": "0.1.0",
      "extraneous": true,
      "dependencies": {
        "@atlas/types": "workspace:*"
      },
      "devDependencies": {
        "@types/node": "^22.0.0",
        "typescript": "^5.6.0"
      }
    },
    "../../packages/banking-ui": {
      "name": "@atlas/banking-ui",
      "version": "0.1.0",
      "extraneous": true,
      "dependencies": {
        "@atlas/types": "workspace:*",
        "@atlas/ui": "workspace:*",
        "clsx": "^2.1.1",
        "date-fns": "^4.1.0",
        "lucide-react": "^0.487.0",
        "recharts": "^2.15.3",
        "tailwind-merge": "^2.6.0"
      },
      "devDependencies": {
        "@storybook/addon-essentials": "^8.6.14",
        "@storybook/addon-interactions": "^8.6.14",
        "@storybook/blocks": "^8.6.14",
        "@storybook/react": "^8.6.14",
        "@storybook/react-vite": "^8.6.14",
        "@testing-library/jest-dom": "^6.6.3",
        "@testing-library/react": "^16.3.0",
        "@testing-library/user-event": "^14.6.1",
        "@types/react": "^19.0.0",
        "@vitejs/plugin-react": "^4.5.2",
        "jsdom": "^26.1.0",
        "storybook": "^8.6.14",
        "typescript": "^5.7.3",
        "vitest": "^3.2.1"
      },
      "peerDependencies": {
        "react": "^19.0.0",
        "react-dom": "^19.0.0"
      }
    },
    "../../packages/config": {
      "name": "@atlas/config",
      "version": "0.1.0",
      "extraneous": true,
      "dependencies": {
        "@atlas/types": "workspace:*"
      },
      "devDependencies": {
        "@types/node": "^22.0.0",
        "typescript": "^5.6.0"
      }
    },
    "../../packages/shared": {
      "name": "@atlas/shared",
      "version": "0.1.0",
      "extraneous": true,
      "devDependencies": {
        "@types/node": "^22.0.0",
        "typescript": "^5.6.0"
      }
    },
    "../../packages/types": {
      "name": "@atlas/types",
      "version": "0.1.0",
      "extraneous": true,
      "devDependencies": {
        "typescript": "^5.6.0"
      }
    },
    "../../packages/ui": {
      "name": "@atlas/ui",
      "version": "0.1.0",
      "extraneous": true,
      "dependencies": {
        "class-variance-authority": "^0.7.1",
        "clsx": "^2.1.1",
        "lucide-react": "^0.468.0",
        "react": "^19.0.0",
        "react-dom": "^19.0.0",
        "tailwind-merge": "^2.6.0"
      },
      "devDependencies": {
        "@types/react": "^19.0.0",
        "@types/react-dom": "^19.0.0",
        "typescript": "^5.6.0"
      }
    },
    "node_modules/@tailwindcss/postcss": {
      "resolved": "../../node_modules/.pnpm/@tailwindcss+postcss@4.3.3/node_modules/@tailwindcss/postcss",
      "link": true
    },
    "node_modules/@types/node": {
      "resolved": "../../node_modules/.pnpm/@types+node@22.20.1/node_modules/@types/node",
      "link": true
    },
    "node_modules/@types/react": {
      "resolved": "../../node_modules/.pnpm/@types+react@19.2.18/node_modules/@types/react",
      "link": true
    },
    "node_modules/@types/react-dom": {
      "resolved": "../../node_modules/.pnpm/@types+react-dom@19.2.4_@types+react@19.2.18/node_modules/@types/react-dom",
      "link": true
    },
    "node_modules/clsx": {
      "resolved": "../../node_modules/.pnpm/clsx@2.1.1/node_modules/clsx",
      "link": true
    },
    "node_modules/lucide-react": {
      "resolved": "../../node_modules/.pnpm/lucide-react@0.468.0_react@19.2.8/node_modules/lucide-react",
      "link": true
    },
    "node_modules/next": {
      "resolved": "../../node_modules/.pnpm/next@15.5.22_react-dom@19.2.8_react@19.2.8__react@19.2.8/node_modules/next",
      "link": true
    },
    "node_modules/postcss": {
      "resolved": "../../node_modules/.pnpm/postcss@8.5.25/node_modules/postcss",
      "link": true
    },
    "node_modules/react": {
      "resolved": "../../node_modules/.pnpm/react@19.2.8/node_modules/react",
      "link": true
    },
    "node_modules/react-dom": {
      "resolved": "../../node_modules/.pnpm/react-dom@19.2.8_react@19.2.8/node_modules/react-dom",
      "link": true
    },
    "node_modules/tailwind-merge": {
      "resolved": "../../node_modules/.pnpm/tailwind-merge@2.6.1/node_modules/tailwind-merge",
      "link": true
    },
    "node_modules/tailwindcss": {
      "resolved": "../../node_modules/.pnpm/tailwindcss@4.3.3/node_modules/tailwindcss",
      "link": true
    },
    "node_modules/typescript": {
      "resolved": "../../node_modules/.pnpm/typescript@5.9.3/node_modules/typescript",
      "link": true
    },
    "node_modules/@next/swc-darwin-arm64": {
      "version": "15.5.22",
      "resolved": "https://registry.npmjs.org/@next/swc-darwin-arm64/-/swc-darwin-arm64-15.5.22.tgz",
      "integrity": "sha512-/VISwtffSg8+fVvBbXdglsvruCsdbBC4dG25iU6xascKVqfQKsj/OtjGnOEkIS7pX5GB9e9/r5QprpicsGL3gw==",
      "cpu": [
        "arm64"
      ],
      "optional": true,
      "os": [
        "darwin"
      ],
      "engines": {
        "node": ">= 10"
      }
    },
    "node_modules/@next/swc-darwin-x64": {
      "version": "15.5.22",
      "resolved": "https://registry.npmjs.org/@next/swc-darwin-x64/-/swc-darwin-x64-15.5.22.tgz",
      "integrity": "sha512-NiA9ve8hbiuhG/Q17a2mZDRVxMTtg3rTOgjLnDaLlE+AEPAQlkkuKrfePEbeOrgYmX0U2KGX4EVEn09hXU5GlQ==",
      "cpu": [
        "x64"
      ],
      "optional": true,
      "os": [
        "darwin"
      ],
      "engines": {
        "node": ">= 10"
      }
    },
    "node_modules/@next/swc-linux-arm64-gnu": {
      "version": "15.5.22",
      "resolved": "https://registry.npmjs.org/@next/swc-linux-arm64-gnu/-/swc-linux-arm64-gnu-15.5.22.tgz",
      "integrity": "sha512-vAPa9vltW+UW/KWtjXeSUFgV3wb1x9d/BeyC6WFI6eBpL0D2f70oGwtOp6193mNW3qusrpgBzMQferPf+Zh8Dw==",
      "cpu": [
        "arm64"
      ],
      "optional": true,
      "os": [
        "linux"
      ],
      "engines": {
        "node": ">= 10"
      }
    },
    "node_modules/@next/swc-linux-arm64-musl": {
      "version": "15.5.22",
      "resolved": "https://registry.npmjs.org/@next/swc-linux-arm64-musl/-/swc-linux-arm64-musl-15.5.22.tgz",
      "integrity": "sha512-iknK80pWlNDnkdSr13bd8mMuG3Z2oTxODwsZHvuMY7caMk77+rBLdHVWsy8v2EVa3ZojJ/+wJX5fnq8va6Gv8A==",
      "cpu": [
        "arm64"
      ],
      "optional": true,
      "os": [
        "linux"
      ],
      "engines": {
        "node": ">= 10"
      }
    },
    "node_modules/@next/swc-linux-x64-gnu": {
      "version": "15.5.22",
      "resolved": "https://registry.npmjs.org/@next/swc-linux-x64-gnu/-/swc-linux-x64-gnu-15.5.22.tgz",
      "integrity": "sha512-penuEdkwU2OOAiS+n4LE8T/VIoCfAI01QcLZTJ2xc3+l4Q22L/DzURocmI2LU1b+8BMQoLAP1Sze3uYAZT05Bg==",
      "cpu": [
        "x64"
      ],
      "optional": true,
      "os": [
        "linux"
      ],
      "engines": {
        "node": ">= 10"
      }
    },
    "node_modules/@next/swc-linux-x64-musl": {
      "version": "15.5.22",
      "resolved": "https://registry.npmjs.org/@next/swc-linux-x64-musl/-/swc-linux-x64-musl-15.5.22.tgz",
      "integrity": "sha512-ZM0BKJm3FZ+guG6WT6PcyOLtp6paZ5tngcJC/uUKvLW4Y0TQnnVi1+UGdo8Q6Yxp5gaS82pmC1rD/oFlhkWB3g==",
      "cpu": [
        "x64"
      ],
      "optional": true,
      "os": [
        "linux"
      ],
      "engines": {
        "node": ">= 10"
      }
    },
    "node_modules/@next/swc-win32-arm64-msvc": {
      "version": "15.5.22",
      "resolved": "https://registry.npmjs.org/@next/swc-win32-arm64-msvc/-/swc-win32-arm64-msvc-15.5.22.tgz",
      "integrity": "sha512-rY/YaumrZaS0//94BnHLF5VSRp0GFUO4GvXNuoCBb0cGSci96yO+p1JaNL2aq9YZAYv9cuZRziV02x5IQH/wjg==",
      "cpu": [
        "arm64"
      ],
      "optional": true,
      "os": [
        "win32"
      ],
      "engines": {
        "node": ">= 10"
      }
    },
    "node_modules/@next/swc-win32-x64-msvc": {
      "version": "15.5.22",
      "resolved": "https://registry.npmjs.org/@next/swc-win32-x64-msvc/-/swc-win32-x64-msvc-15.5.22.tgz",
      "integrity": "sha512-s5IA4cyrbR2XK/5NWcu5dp8CfPBiKME+UhvNperia7uQybEgg5+LIhGMiY37WQE4rcI4owsDcU4IVUjLoTuDkA==",
      "cpu": [
        "x64"
      ],
      "optional": true,
      "os": [
        "win32"
      ],
      "engines": {
        "node": ">= 10"
      }
    }
  }
}
